
Microsoft Visual Studio Solution File, Format Version 12.00
# Visual Studio Version 17
VisualStudioVersion = 17.7.34024.191
MinimumVisualStudioVersion = 10.0.40219.1
Project("{2150E333-8FDC-42A3-9474-1A3956D46DE8}") = "src", "src", "{356AB1DF-EE41-4112-B536-FF5546D35C9C}"
EndProject
Project("{2150E333-8FDC-42A3-9474-1A3956D46DE8}") = "tests", "tests", "{7609429C-3970-44B8-BF06-6B2BA511D19E}"
EndProject
Project("{FAE04EC0-301F-11D3-BF4B-00C04F79EFBC}") = "FC.Codeflix.Catalog.UnitTests", "tests\FC.Codeflix.Catalog.UnitTests\FC.Codeflix.Catalog.UnitTests.csproj", "{64F74081-3003-4A53-94EC-F7D975C4E1FB}"
EndProject
Global
	GlobalSection(SolutionConfigurationPlatforms) = preSolution
		Debug|Any CPU = Debug|Any CPU
		Release|Any CPU = Release|Any CPU
	EndGlobalSection
	GlobalSection(ProjectConfigurationPlatforms) = postSolution
		{64F74081-3003-4A53-94EC-F7D975C4E1FB}.Debug|Any CPU.ActiveCfg = Debug|Any CPU
		{64F74081-3003-4A53-94EC-F7D975C4E1FB}.Debug|Any CPU.Build.0 = Debug|Any CPU
		{64F74081-3003-4A53-94EC-F7D975C4E1FB}.Release|Any CPU.ActiveCfg = Release|Any CPU
		{64F74081-3003-4A53-94EC-F7D975C4E1FB}.Release|Any CPU.Build.0 = Release|Any CPU
	EndGlobalSection
	GlobalSection(SolutionProperties) = preSolution
		HideSolutionNode = FALSE
	EndGlobalSection
	GlobalSection(NestedProjects) = preSolution
		{64F74081-3003-4A53-94EC-F7D975C4E1FB} = {7609429C-3970-44B8-BF06-6B2BA511D19E}
	EndGlobalSection
	GlobalSection(ExtensibilityGlobals) = postSolution
		SolutionGuid = {F3D6D891-20A7-4F7F-AAAB-10207E2CEE1E}
	EndGlobalSection
EndGlobal
